
Microsoft Visual Studio Solution File, Format Version 12.00
Project("{2150E333-8FDC-42A3-9474-1A3956D46DE8}") = "src", "src", "{DD6AF6ED-95EE-4239-86A4-BF8D0DA72D69}"
EndProject
Project("{2150E333-8FDC-42A3-9474-1A3956D46DE8}") = "tests", "tests", "{4D7B6DB5-538C-42FE-982A-61FC72571233}"
EndProject
Project("{2150E333-8FDC-42A3-9474-1A3956D46DE8}") = "BuildingBlocks", "BuildingBlocks", "{31EE4B89-81C1-44C7-A90C-D80CE167A8CC}"
EndProject
Project("{FAE04EC0-301F-11D3-BF4B-00C04F79EFBC}") = "BuildingBlocks", "src\BuildingBlocks\BuildingBlocks.csproj", "{E9BA6B77-570A-4367-B8E0-32291112069E}"
EndProject
Project("{2150E333-8FDC-42A3-9474-1A3956D46DE8}") = "Services", "Services", "{54238132-4E7F-47EB-AEBD-F689EF15C9A3}"
EndProject
Project("{2150E333-8FDC-42A3-9474-1A3956D46DE8}") = "RateExchanger", "RateExchanger", "{1FE1D718-9AC3-471B-8073-2A2939393085}"
EndProject
Project("{FAE04EC0-301F-11D3-BF4B-00C04F79EFBC}") = "RateExchanger", "src\Services\RateExchanger\RateExchanger.csproj", "{33186F5D-AD40-41FF-9DD2-5DDF102F5E52}"
EndProject
Project("{FAE04EC0-301F-11D3-BF4B-00C04F79EFBC}") = "RateExchanger.Api", "src\Services\RateExchanger.Api\RateExchanger.Api.csproj", "{762070EA-C1CE-465E-8595-0BF210E7180D}"
EndProject
Project("{2150E333-8FDC-42A3-9474-1A3956D46DE8}") = "ApiGateway", "ApiGateway", "{DC0A36AF-8CCB-4D0B-A2C2-4892C746D4D3}"
EndProject
Project("{2150E333-8FDC-42A3-9474-1A3956D46DE8}") = "src", "src", "{8251807E-0CF5-4E45-A7FB-B95CFE296F41}"
EndProject
Project("{FAE04EC0-301F-11D3-BF4B-00C04F79EFBC}") = "ApiGateway", "ApiGateway\ApiGateway.csproj", "{A73603AB-0CC7-4122-A998-DB21CA5D8FD0}"
EndProject
Global
	GlobalSection(SolutionConfigurationPlatforms) = preSolution
		Debug|Any CPU = Debug|Any CPU
		Release|Any CPU = Release|Any CPU
	EndGlobalSection
	GlobalSection(ProjectConfigurationPlatforms) = postSolution
		{33186F5D-AD40-41FF-9DD2-5DDF102F5E52}.Debug|Any CPU.ActiveCfg = Debug|Any CPU
		{33186F5D-AD40-41FF-9DD2-5DDF102F5E52}.Debug|Any CPU.Build.0 = Debug|Any CPU
		{33186F5D-AD40-41FF-9DD2-5DDF102F5E52}.Release|Any CPU.ActiveCfg = Release|Any CPU
		{33186F5D-AD40-41FF-9DD2-5DDF102F5E52}.Release|Any CPU.Build.0 = Release|Any CPU
		{E9BA6B77-570A-4367-B8E0-32291112069E}.Debug|Any CPU.ActiveCfg = Debug|Any CPU
		{E9BA6B77-570A-4367-B8E0-32291112069E}.Debug|Any CPU.Build.0 = Debug|Any CPU
		{E9BA6B77-570A-4367-B8E0-32291112069E}.Release|Any CPU.ActiveCfg = Release|Any CPU
		{E9BA6B77-570A-4367-B8E0-32291112069E}.Release|Any CPU.Build.0 = Release|Any CPU
		{762070EA-C1CE-465E-8595-0BF210E7180D}.Debug|Any CPU.ActiveCfg = Debug|Any CPU
		{762070EA-C1CE-465E-8595-0BF210E7180D}.Debug|Any CPU.Build.0 = Debug|Any CPU
		{762070EA-C1CE-465E-8595-0BF210E7180D}.Release|Any CPU.ActiveCfg = Release|Any CPU
		{762070EA-C1CE-465E-8595-0BF210E7180D}.Release|Any CPU.Build.0 = Release|Any CPU
		{A73603AB-0CC7-4122-A998-DB21CA5D8FD0}.Debug|Any CPU.ActiveCfg = Debug|Any CPU
		{A73603AB-0CC7-4122-A998-DB21CA5D8FD0}.Debug|Any CPU.Build.0 = Debug|Any CPU
		{A73603AB-0CC7-4122-A998-DB21CA5D8FD0}.Release|Any CPU.ActiveCfg = Release|Any CPU
		{A73603AB-0CC7-4122-A998-DB21CA5D8FD0}.Release|Any CPU.Build.0 = Release|Any CPU
	EndGlobalSection
	GlobalSection(NestedProjects) = preSolution
		{E9BA6B77-570A-4367-B8E0-32291112069E} = {31EE4B89-81C1-44C7-A90C-D80CE167A8CC}
		{1FE1D718-9AC3-471B-8073-2A2939393085} = {54238132-4E7F-47EB-AEBD-F689EF15C9A3}
		{DD6AF6ED-95EE-4239-86A4-BF8D0DA72D69} = {1FE1D718-9AC3-471B-8073-2A2939393085}
		{33186F5D-AD40-41FF-9DD2-5DDF102F5E52} = {DD6AF6ED-95EE-4239-86A4-BF8D0DA72D69}
		{762070EA-C1CE-465E-8595-0BF210E7180D} = {DD6AF6ED-95EE-4239-86A4-BF8D0DA72D69}
		{4D7B6DB5-538C-42FE-982A-61FC72571233} = {1FE1D718-9AC3-471B-8073-2A2939393085}
		{8251807E-0CF5-4E45-A7FB-B95CFE296F41} = {DC0A36AF-8CCB-4D0B-A2C2-4892C746D4D3}
		{A73603AB-0CC7-4122-A998-DB21CA5D8FD0} = {8251807E-0CF5-4E45-A7FB-B95CFE296F41}
	EndGlobalSection
EndGlobal
