
Microsoft Visual Studio Solution File, Format Version 12.00
Project("{2150E333-8FDC-42A3-9474-1A3956D46DE8}") = "ApiGateway", "src\ApiGateway", "{7596C9AF-1705-4D92-81D9-9C5763CFB6CF}"
EndProject
Project("{2150E333-8FDC-42A3-9474-1A3956D46DE8}") = "src", "src\ApiGateway\src", "{A1C70C77-4EE2-4581-9705-B2C5D9B459C8}"
EndProject
Project("{2150E333-8FDC-42A3-9474-1A3956D46DE8}") = "BuildingBlocks", "src\BuildingBlocks", "{5974DDAE-A0BE-46E4-ABB3-0E60B93D0677}"
EndProject
Project("{2150E333-8FDC-42A3-9474-1A3956D46DE8}") = "src", "src\BuildingBlocks\src", "{14D3D7D9-1745-4D38-AE14-4641ABAC4AA9}"
EndProject
Project("{2150E333-8FDC-42A3-9474-1A3956D46DE8}") = "Services", "src\Services", "{D6A7AAAA-FCC6-4FD9-ABBE-691628D436A0}"
EndProject
Project("{2150E333-8FDC-42A3-9474-1A3956D46DE8}") = "RateExchanger", "src\Services\RateExchanger", "{63505279-6829-4668-B04E-20B5C6201C54}"
EndProject
Project("{2150E333-8FDC-42A3-9474-1A3956D46DE8}") = "src", "src\Services\RateExchanger\src", "{F05BA2AE-FAC6-489F-9986-FC74C25B87A8}"
EndProject
Project("{2150E333-8FDC-42A3-9474-1A3956D46DE8}") = "tests", "src\Services\RateExchanger\tests", "{B6DA3D3A-D53B-4082-82A0-1F71C1764526}"
EndProject
Project("{FAE04EC0-301F-11D3-BF4B-00C04F79EFBC}") = "ApiGateway", "src\ApiGateway\src\ApiGateway\ApiGateway.csproj", "{CDCBADB3-C9CA-47B4-ADF6-55161BB5AD50}"
EndProject
Project("{FAE04EC0-301F-11D3-BF4B-00C04F79EFBC}") = "BuildingBlocks", "src\BuildingBlocks\src\BuildingBlocks.csproj", "{F8132E7B-D21E-4B94-BEF3-3605A4A233B2}"
EndProject
Project("{FAE04EC0-301F-11D3-BF4B-00C04F79EFBC}") = "RateExchanger", "src\Services\RateExchanger\src\RateExchanger\RateExchanger.csproj", "{5EC49094-DED9-400E-AF5A-224FCCE247A4}"
EndProject
Project("{FAE04EC0-301F-11D3-BF4B-00C04F79EFBC}") = "RateExchanger.Api", "src\Services\RateExchanger\src\RateExchanger.Api\RateExchanger.Api.csproj", "{AAB3B396-684F-4E35-8300-744DBE9ABD13}"
EndProject
Global
	GlobalSection(SolutionConfigurationPlatforms) = preSolution
		Debug|Any CPU = Debug|Any CPU
		Release|Any CPU = Release|Any CPU
	EndGlobalSection
	GlobalSection(NestedProjects) = preSolution
		{A1C70C77-4EE2-4581-9705-B2C5D9B459C8} = {7596C9AF-1705-4D92-81D9-9C5763CFB6CF}
		{14D3D7D9-1745-4D38-AE14-4641ABAC4AA9} = {5974DDAE-A0BE-46E4-ABB3-0E60B93D0677}
		{63505279-6829-4668-B04E-20B5C6201C54} = {D6A7AAAA-FCC6-4FD9-ABBE-691628D436A0}
		{F05BA2AE-FAC6-489F-9986-FC74C25B87A8} = {63505279-6829-4668-B04E-20B5C6201C54}
		{B6DA3D3A-D53B-4082-82A0-1F71C1764526} = {63505279-6829-4668-B04E-20B5C6201C54}
		{CDCBADB3-C9CA-47B4-ADF6-55161BB5AD50} = {A1C70C77-4EE2-4581-9705-B2C5D9B459C8}
		{F8132E7B-D21E-4B94-BEF3-3605A4A233B2} = {14D3D7D9-1745-4D38-AE14-4641ABAC4AA9}
		{5EC49094-DED9-400E-AF5A-224FCCE247A4} = {F05BA2AE-FAC6-489F-9986-FC74C25B87A8}
		{AAB3B396-684F-4E35-8300-744DBE9ABD13} = {F05BA2AE-FAC6-489F-9986-FC74C25B87A8}
	EndGlobalSection
	GlobalSection(ProjectConfigurationPlatforms) = postSolution
		{CDCBADB3-C9CA-47B4-ADF6-55161BB5AD50}.Debug|Any CPU.ActiveCfg = Debug|Any CPU
		{CDCBADB3-C9CA-47B4-ADF6-55161BB5AD50}.Debug|Any CPU.Build.0 = Debug|Any CPU
		{CDCBADB3-C9CA-47B4-ADF6-55161BB5AD50}.Release|Any CPU.ActiveCfg = Release|Any CPU
		{CDCBADB3-C9CA-47B4-ADF6-55161BB5AD50}.Release|Any CPU.Build.0 = Release|Any CPU
		{F8132E7B-D21E-4B94-BEF3-3605A4A233B2}.Debug|Any CPU.ActiveCfg = Debug|Any CPU
		{F8132E7B-D21E-4B94-BEF3-3605A4A233B2}.Debug|Any CPU.Build.0 = Debug|Any CPU
		{F8132E7B-D21E-4B94-BEF3-3605A4A233B2}.Release|Any CPU.ActiveCfg = Release|Any CPU
		{F8132E7B-D21E-4B94-BEF3-3605A4A233B2}.Release|Any CPU.Build.0 = Release|Any CPU
		{5EC49094-DED9-400E-AF5A-224FCCE247A4}.Debug|Any CPU.ActiveCfg = Debug|Any CPU
		{5EC49094-DED9-400E-AF5A-224FCCE247A4}.Debug|Any CPU.Build.0 = Debug|Any CPU
		{5EC49094-DED9-400E-AF5A-224FCCE247A4}.Release|Any CPU.ActiveCfg = Release|Any CPU
		{5EC49094-DED9-400E-AF5A-224FCCE247A4}.Release|Any CPU.Build.0 = Release|Any CPU
		{AAB3B396-684F-4E35-8300-744DBE9ABD13}.Debug|Any CPU.ActiveCfg = Debug|Any CPU
		{AAB3B396-684F-4E35-8300-744DBE9ABD13}.Debug|Any CPU.Build.0 = Debug|Any CPU
		{AAB3B396-684F-4E35-8300-744DBE9ABD13}.Release|Any CPU.ActiveCfg = Release|Any CPU
		{AAB3B396-684F-4E35-8300-744DBE9ABD13}.Release|Any CPU.Build.0 = Release|Any CPU
	EndGlobalSection
EndGlobal
